
Microsoft Visual Studio Solution File, Format Version 12.00
# Visual Studio 2012
Project("{FAE04EC0-301F-11D3-BF4B-00C04F79EFBC}") = "AutoFix.Demo", "AutoFix.Demo\AutoFix.Demo.csproj", "{2DBDFCC5-15CC-4F3E-991A-1352AD438BF9}"
EndProject
Project("{FAE04EC0-301F-11D3-BF4B-00C04F79EFBC}") = "ConsoleRunner", "ConsoleRunner\ConsoleRunner.csproj", "{471FB9D6-6AB5-41BE-BB21-789255394C96}"
EndProject
Project("{FAE04EC0-301F-11D3-BF4B-00C04F79EFBC}") = "Tests", "Tests\Tests.csproj", "{580639C9-2D20-42E5-91E0-D0F08045CF8B}"
EndProject
Project("{2150E333-8FDC-42A3-9474-1A3956D46DE8}") = "Solution Items", "Solution Items", "{368625AE-E348-4588-A320-0F11005D1331}"
	ProjectSection(SolutionItems) = preProject
		Demo Script.txt = Demo Script.txt
	EndProjectSection
EndProject
Global
	GlobalSection(SolutionConfigurationPlatforms) = preSolution
		Debug|Any CPU = Debug|Any CPU
		Release|Any CPU = Release|Any CPU
	EndGlobalSection
	GlobalSection(ProjectConfigurationPlatforms) = postSolution
		{2DBDFCC5-15CC-4F3E-991A-1352AD438BF9}.Debug|Any CPU.ActiveCfg = Debug|Any CPU
		{2DBDFCC5-15CC-4F3E-991A-1352AD438BF9}.Debug|Any CPU.Build.0 = Debug|Any CPU
		{2DBDFCC5-15CC-4F3E-991A-1352AD438BF9}.Release|Any CPU.ActiveCfg = Release|Any CPU
		{2DBDFCC5-15CC-4F3E-991A-1352AD438BF9}.Release|Any CPU.Build.0 = Release|Any CPU
		{471FB9D6-6AB5-41BE-BB21-789255394C96}.Debug|Any CPU.ActiveCfg = Debug|Any CPU
		{471FB9D6-6AB5-41BE-BB21-789255394C96}.Debug|Any CPU.Build.0 = Debug|Any CPU
		{471FB9D6-6AB5-41BE-BB21-789255394C96}.Release|Any CPU.ActiveCfg = Release|Any CPU
		{471FB9D6-6AB5-41BE-BB21-789255394C96}.Release|Any CPU.Build.0 = Release|Any CPU
		{580639C9-2D20-42E5-91E0-D0F08045CF8B}.Debug|Any CPU.ActiveCfg = Debug|Any CPU
		{580639C9-2D20-42E5-91E0-D0F08045CF8B}.Debug|Any CPU.Build.0 = Debug|Any CPU
		{580639C9-2D20-42E5-91E0-D0F08045CF8B}.Release|Any CPU.ActiveCfg = Release|Any CPU
		{580639C9-2D20-42E5-91E0-D0F08045CF8B}.Release|Any CPU.Build.0 = Release|Any CPU
	EndGlobalSection
	GlobalSection(SolutionProperties) = preSolution
		HideSolutionNode = FALSE
	EndGlobalSection
EndGlobal
